// !$*UTF8*$!
{
	archiveVersion = 1;
	classes = {
	};
	objectVersion = 55;
	objects = {

/* Begin PBXBuildFile section */
		D6002D4928BD429800A33029 /* User.swift in Sources */ = {isa = PBXBuildFile; fileRef = D6002D4828BD429800A33029 /* User.swift */; };
		D6002D4B28BD43B000A33029 /* UserService.swift in Sources */ = {isa = PBXBuildFile; fileRef = D6002D4A28BD43B000A33029 /* UserService.swift */; };
		D6002D4D28CA229C00A33029 /* CurrentUserService.swift in Sources */ = {isa = PBXBuildFile; fileRef = D6002D4C28CA229C00A33029 /* CurrentUserService.swift */; };
		D6002D4F28CB94AC00A33029 /* TestUserService.swift in Sources */ = {isa = PBXBuildFile; fileRef = D6002D4E28CB94AC00A33029 /* TestUserService.swift */; };
		D601433D28E4D6570030D17E /* BruteForce.swift in Sources */ = {isa = PBXBuildFile; fileRef = D601433C28E4D6570030D17E /* BruteForce.swift */; };
		D6212A0628898150000D72F9 /* PhotosTableViewCell.swift in Sources */ = {isa = PBXBuildFile; fileRef = D6212A0528898150000D72F9 /* PhotosTableViewCell.swift */; };
		D6212A0828898E43000D72F9 /* PhotosViewController.swift in Sources */ = {isa = PBXBuildFile; fileRef = D6212A0728898E43000D72F9 /* PhotosViewController.swift */; };
		D6212A0A2889A9C2000D72F9 /* Photo.swift in Sources */ = {isa = PBXBuildFile; fileRef = D6212A092889A9C1000D72F9 /* Photo.swift */; };
		D6212A0C288C09B8000D72F9 /* PhotosCollectionViewCell.swift in Sources */ = {isa = PBXBuildFile; fileRef = D6212A0B288C09B8000D72F9 /* PhotosCollectionViewCell.swift */; };
		D63182B928FDC0F100471F8A /* FirebaseAuth in Frameworks */ = {isa = PBXBuildFile; productRef = D63182B828FDC0F100471F8A /* FirebaseAuth */; };
		D63182BB28FDEFCD00471F8A /* CheckerServise.swift in Sources */ = {isa = PBXBuildFile; fileRef = D63182BA28FDEFCD00471F8A /* CheckerServise.swift */; };
		D63182BE28FE033E00471F8A /* GoogleService-Info.plist in Resources */ = {isa = PBXBuildFile; fileRef = D63182BD28FE033E00471F8A /* GoogleService-Info.plist */; };
		D63182BF28FE033E00471F8A /* GoogleService-Info.plist in Resources */ = {isa = PBXBuildFile; fileRef = D63182BD28FE033E00471F8A /* GoogleService-Info.plist */; };
		D646E904291AC92500600308 /* RealmSwift in Frameworks */ = {isa = PBXBuildFile; productRef = D646E903291AC92500600308 /* RealmSwift */; };
		D646E906291AD27000600308 /* RealmModel.swift in Sources */ = {isa = PBXBuildFile; fileRef = D646E905291AD27000600308 /* RealmModel.swift */; };
		D656896428F7443B00162B31 /* NetworkManager.swift in Sources */ = {isa = PBXBuildFile; fileRef = D656896328F7443B00162B31 /* NetworkManager.swift */; };
		D65EA480286395A300DD5B22 /* AppDelegate.swift in Sources */ = {isa = PBXBuildFile; fileRef = D65EA47F286395A300DD5B22 /* AppDelegate.swift */; };
		D65EA482286395A300DD5B22 /* SceneDelegate.swift in Sources */ = {isa = PBXBuildFile; fileRef = D65EA481286395A300DD5B22 /* SceneDelegate.swift */; };
		D65EA484286395A300DD5B22 /* FeedViewController.swift in Sources */ = {isa = PBXBuildFile; fileRef = D65EA483286395A300DD5B22 /* FeedViewController.swift */; };
		D65EA489286395A300DD5B22 /* Assets.xcassets in Resources */ = {isa = PBXBuildFile; fileRef = D65EA488286395A300DD5B22 /* Assets.xcassets */; };
		D65EA48C286395A300DD5B22 /* LaunchScreen.storyboard in Resources */ = {isa = PBXBuildFile; fileRef = D65EA48A286395A300DD5B22 /* LaunchScreen.storyboard */; };
		D660C7C328B3D52900AED09E /* StorageService.h in Headers */ = {isa = PBXBuildFile; fileRef = D660C7C228B3D52900AED09E /* StorageService.h */; settings = {ATTRIBUTES = (Public, ); }; };
		D660C7C628B3D52900AED09E /* StorageService.framework in Frameworks */ = {isa = PBXBuildFile; fileRef = D660C7C028B3D52900AED09E /* StorageService.framework */; };
		D660C7C728B3D52900AED09E /* StorageService.framework in Embed Frameworks */ = {isa = PBXBuildFile; fileRef = D660C7C028B3D52900AED09E /* StorageService.framework */; settings = {ATTRIBUTES = (CodeSignOnCopy, RemoveHeadersOnCopy, ); }; };
		D660C7CB28B3D82B00AED09E /* Post.swift in Sources */ = {isa = PBXBuildFile; fileRef = D6644EB6286762AE005D69A9 /* Post.swift */; };
		D6644EB52867585E005D69A9 /* PostViewController.swift in Sources */ = {isa = PBXBuildFile; fileRef = D6644EB42867585E005D69A9 /* PostViewController.swift */; };
		D6709DB228F1EA7E00F9F5B6 /* Atoma.mp3 in Resources */ = {isa = PBXBuildFile; fileRef = D6709DB128F1EA7E00F9F5B6 /* Atoma.mp3 */; };
		D6709DB428F1EA8700F9F5B6 /* Hypa.mp3 in Resources */ = {isa = PBXBuildFile; fileRef = D6709DB328F1EA8700F9F5B6 /* Hypa.mp3 */; };
		D6709DB628F1EA8D00F9F5B6 /* Weak.mp3 in Resources */ = {isa = PBXBuildFile; fileRef = D6709DB528F1EA8D00F9F5B6 /* Weak.mp3 */; };
		D671EEB628D7A0BE00C0C1A8 /* InfoView.swift in Sources */ = {isa = PBXBuildFile; fileRef = D671EEB528D7A0BE00C0C1A8 /* InfoView.swift */; };
		D671EEBA28D7A59D00C0C1A8 /* InfoViewController.swift in Sources */ = {isa = PBXBuildFile; fileRef = D671EEB928D7A59D00C0C1A8 /* InfoViewController.swift */; };
		D671EEC428D7B0B400C0C1A8 /* PhotosView.swift in Sources */ = {isa = PBXBuildFile; fileRef = D671EEC328D7B0B400C0C1A8 /* PhotosView.swift */; };
		D671EEC828D8C3A000C0C1A8 /* AppCoordinator.swift in Sources */ = {isa = PBXBuildFile; fileRef = D671EEC728D8C3A000C0C1A8 /* AppCoordinator.swift */; };
		D671EECA28D8C43B00C0C1A8 /* RootCoordinator.swift in Sources */ = {isa = PBXBuildFile; fileRef = D671EEC928D8C43B00C0C1A8 /* RootCoordinator.swift */; };
		D671EED128D8E1BC00C0C1A8 /* Assembly.swift in Sources */ = {isa = PBXBuildFile; fileRef = D671EED028D8E1BC00C0C1A8 /* Assembly.swift */; };
		D671EEDB28DB7B3800C0C1A8 /* FeedCoordinator.swift in Sources */ = {isa = PBXBuildFile; fileRef = D671EEDA28DB7B3800C0C1A8 /* FeedCoordinator.swift */; };
		D6734AAD2863961E00E4E76C /* ProfileViewController.swift in Sources */ = {isa = PBXBuildFile; fileRef = D6734AAC2863961E00E4E76C /* ProfileViewController.swift */; };
		D67BA35228CE0D33001ACC4F /* iOSIntPackage in Frameworks */ = {isa = PBXBuildFile; productRef = D67BA35128CE0D33001ACC4F /* iOSIntPackage */; };
		D683619C28ECC72400E880EC /* Carnage.mp3 in Resources */ = {isa = PBXBuildFile; fileRef = D683619B28ECC72400E880EC /* Carnage.mp3 */; };
		D683619E28EE1A4000E880EC /* Duality.mp3 in Resources */ = {isa = PBXBuildFile; fileRef = D683619D28EE1A4000E880EC /* Duality.mp3 */; };
		D68B0B8628DE2340007462E2 /* FeedOutput.swift in Sources */ = {isa = PBXBuildFile; fileRef = D68B0B8528DE2340007462E2 /* FeedOutput.swift */; };
		D68B0B8A28DF45FE007462E2 /* ProfileOutput.swift in Sources */ = {isa = PBXBuildFile; fileRef = D68B0B8928DF45FE007462E2 /* ProfileOutput.swift */; };
		D68B0B8C28DF4A9C007462E2 /* ProfileCoordinator.swift in Sources */ = {isa = PBXBuildFile; fileRef = D68B0B8B28DF4A9C007462E2 /* ProfileCoordinator.swift */; };
		D68B0B8E28DF700E007462E2 /* ProfileViewModel.swift in Sources */ = {isa = PBXBuildFile; fileRef = D68B0B8D28DF700E007462E2 /* ProfileViewModel.swift */; };
		D6ADF319287D82F4009D90E2 /* LogInViewController.swift in Sources */ = {isa = PBXBuildFile; fileRef = D6ADF318287D82F4009D90E2 /* LogInViewController.swift */; };
		D6ADF31B287DC7ED009D90E2 /* LoginCustomButton.swift in Sources */ = {isa = PBXBuildFile; fileRef = D6ADF31A287DC7ED009D90E2 /* LoginCustomButton.swift */; };
		D6B8437128CF689300E4261D /* CustomButton.swift in Sources */ = {isa = PBXBuildFile; fileRef = D6B8437028CF689300E4261D /* CustomButton.swift */; };
		D6B8437428D262E400E4261D /* FeedModel.swift in Sources */ = {isa = PBXBuildFile; fileRef = D6B8437328D262E400E4261D /* FeedModel.swift */; };
		D6D0395C28E0AE9500D90AB4 /* PhotosViewModel.swift in Sources */ = {isa = PBXBuildFile; fileRef = D6D0395B28E0AE9500D90AB4 /* PhotosViewModel.swift */; };
		D6D0718B286B802A00043F15 /* ProfileHeaderView.swift in Sources */ = {isa = PBXBuildFile; fileRef = D6D0718A286B802A00043F15 /* ProfileHeaderView.swift */; };
		D6D90DED2880300F005D8B13 /* ProfileTableHederView.swift in Sources */ = {isa = PBXBuildFile; fileRef = D6D90DEC2880300F005D8B13 /* ProfileTableHederView.swift */; };
		D6D90DEF288045A4005D8B13 /* ProfilePost.swift in Sources */ = {isa = PBXBuildFile; fileRef = D6D90DEE288045A4005D8B13 /* ProfilePost.swift */; };
		D6D90DF32880580E005D8B13 /* PostTableViewCell.swift in Sources */ = {isa = PBXBuildFile; fileRef = D6D90DF22880580E005D8B13 /* PostTableViewCell.swift */; };
		D6EB2DDB28FAFD7C0027DB31 /* ModelForHW2.swift in Sources */ = {isa = PBXBuildFile; fileRef = D6EB2DDA28FAFD7C0027DB31 /* ModelForHW2.swift */; };
		D6FC765C28CC8A5D00D76D58 /* Checker.swift in Sources */ = {isa = PBXBuildFile; fileRef = D6FC765B28CC8A5D00D76D58 /* Checker.swift */; };
		D6FC765E28CD07B100D76D58 /* LoginFactory.swift in Sources */ = {isa = PBXBuildFile; fileRef = D6FC765D28CD07B100D76D58 /* LoginFactory.swift */; };
/* End PBXBuildFile section */

/* Begin PBXContainerItemProxy section */
		D660C7C428B3D52900AED09E /* PBXContainerItemProxy */ = {
			isa = PBXContainerItemProxy;
			containerPortal = D65EA474286395A300DD5B22 /* Project object */;
			proxyType = 1;
			remoteGlobalIDString = D660C7BF28B3D52900AED09E;
			remoteInfo = StorageService;
		};
/* End PBXContainerItemProxy section */

/* Begin PBXCopyFilesBuildPhase section */
		D660C7B728B3D17A00AED09E /* Embed Frameworks */ = {
			isa = PBXCopyFilesBuildPhase;
			buildActionMask = 2147483647;
			dstPath = "";
			dstSubfolderSpec = 10;
			files = (
				D660C7C728B3D52900AED09E /* StorageService.framework in Embed Frameworks */,
			);
			name = "Embed Frameworks";
			runOnlyForDeploymentPostprocessing = 0;
		};
/* End PBXCopyFilesBuildPhase section */

/* Begin PBXFileReference section */
		D6002D4828BD429800A33029 /* User.swift */ = {isa = PBXFileReference; lastKnownFileType = sourcecode.swift; path = User.swift; sourceTree = "<group>"; };
		D6002D4A28BD43B000A33029 /* UserService.swift */ = {isa = PBXFileReference; lastKnownFileType = sourcecode.swift; path = UserService.swift; sourceTree = "<group>"; };
		D6002D4C28CA229C00A33029 /* CurrentUserService.swift */ = {isa = PBXFileReference; lastKnownFileType = sourcecode.swift; path = CurrentUserService.swift; sourceTree = "<group>"; };
		D6002D4E28CB94AC00A33029 /* TestUserService.swift */ = {isa = PBXFileReference; lastKnownFileType = sourcecode.swift; path = TestUserService.swift; sourceTree = "<group>"; };
		D601433C28E4D6570030D17E /* BruteForce.swift */ = {isa = PBXFileReference; lastKnownFileType = sourcecode.swift; path = BruteForce.swift; sourceTree = "<group>"; };
		D6212A0528898150000D72F9 /* PhotosTableViewCell.swift */ = {isa = PBXFileReference; lastKnownFileType = sourcecode.swift; path = PhotosTableViewCell.swift; sourceTree = "<group>"; };
		D6212A0728898E43000D72F9 /* PhotosViewController.swift */ = {isa = PBXFileReference; lastKnownFileType = sourcecode.swift; path = PhotosViewController.swift; sourceTree = "<group>"; };
		D6212A092889A9C1000D72F9 /* Photo.swift */ = {isa = PBXFileReference; lastKnownFileType = sourcecode.swift; path = Photo.swift; sourceTree = "<group>"; };
		D6212A0B288C09B8000D72F9 /* PhotosCollectionViewCell.swift */ = {isa = PBXFileReference; lastKnownFileType = sourcecode.swift; path = PhotosCollectionViewCell.swift; sourceTree = "<group>"; };
		D63182BA28FDEFCD00471F8A /* CheckerServise.swift */ = {isa = PBXFileReference; lastKnownFileType = sourcecode.swift; path = CheckerServise.swift; sourceTree = "<group>"; };
		D63182BD28FE033E00471F8A /* GoogleService-Info.plist */ = {isa = PBXFileReference; fileEncoding = 4; lastKnownFileType = text.plist.xml; path = "GoogleService-Info.plist"; sourceTree = "<group>"; };
		D646E905291AD27000600308 /* RealmModel.swift */ = {isa = PBXFileReference; lastKnownFileType = sourcecode.swift; path = RealmModel.swift; sourceTree = "<group>"; };
		D656896328F7443B00162B31 /* NetworkManager.swift */ = {isa = PBXFileReference; lastKnownFileType = sourcecode.swift; path = NetworkManager.swift; sourceTree = "<group>"; };
		D65EA47C286395A300DD5B22 /* Navigation.app */ = {isa = PBXFileReference; explicitFileType = wrapper.application; includeInIndex = 0; path = Navigation.app; sourceTree = BUILT_PRODUCTS_DIR; };
		D65EA47F286395A300DD5B22 /* AppDelegate.swift */ = {isa = PBXFileReference; lastKnownFileType = sourcecode.swift; path = AppDelegate.swift; sourceTree = "<group>"; };
		D65EA481286395A300DD5B22 /* SceneDelegate.swift */ = {isa = PBXFileReference; lastKnownFileType = sourcecode.swift; path = SceneDelegate.swift; sourceTree = "<group>"; };
		D65EA483286395A300DD5B22 /* FeedViewController.swift */ = {isa = PBXFileReference; lastKnownFileType = sourcecode.swift; path = FeedViewController.swift; sourceTree = "<group>"; };
		D65EA488286395A300DD5B22 /* Assets.xcassets */ = {isa = PBXFileReference; lastKnownFileType = folder.assetcatalog; path = Assets.xcassets; sourceTree = "<group>"; };
		D65EA48B286395A300DD5B22 /* Base */ = {isa = PBXFileReference; lastKnownFileType = file.storyboard; name = Base; path = Base.lproj/LaunchScreen.storyboard; sourceTree = "<group>"; };
		D65EA48D286395A300DD5B22 /* Info.plist */ = {isa = PBXFileReference; lastKnownFileType = text.plist.xml; path = Info.plist; sourceTree = "<group>"; };
		D660C7C028B3D52900AED09E /* StorageService.framework */ = {isa = PBXFileReference; explicitFileType = wrapper.framework; includeInIndex = 0; path = StorageService.framework; sourceTree = BUILT_PRODUCTS_DIR; };
		D660C7C228B3D52900AED09E /* StorageService.h */ = {isa = PBXFileReference; lastKnownFileType = sourcecode.c.h; path = StorageService.h; sourceTree = "<group>"; };
		D6644EB42867585E005D69A9 /* PostViewController.swift */ = {isa = PBXFileReference; lastKnownFileType = sourcecode.swift; path = PostViewController.swift; sourceTree = "<group>"; };
		D6644EB6286762AE005D69A9 /* Post.swift */ = {isa = PBXFileReference; lastKnownFileType = sourcecode.swift; path = Post.swift; sourceTree = "<group>"; };
		D6709DB128F1EA7E00F9F5B6 /* Atoma.mp3 */ = {isa = PBXFileReference; lastKnownFileType = audio.mp3; path = Atoma.mp3; sourceTree = "<group>"; };
		D6709DB328F1EA8700F9F5B6 /* Hypa.mp3 */ = {isa = PBXFileReference; lastKnownFileType = audio.mp3; path = Hypa.mp3; sourceTree = "<group>"; };
		D6709DB528F1EA8D00F9F5B6 /* Weak.mp3 */ = {isa = PBXFileReference; lastKnownFileType = audio.mp3; path = Weak.mp3; sourceTree = "<group>"; };
		D671EEB528D7A0BE00C0C1A8 /* InfoView.swift */ = {isa = PBXFileReference; lastKnownFileType = sourcecode.swift; path = InfoView.swift; sourceTree = "<group>"; };
		D671EEB928D7A59D00C0C1A8 /* InfoViewController.swift */ = {isa = PBXFileReference; lastKnownFileType = sourcecode.swift; path = InfoViewController.swift; sourceTree = "<group>"; };
		D671EEC328D7B0B400C0C1A8 /* PhotosView.swift */ = {isa = PBXFileReference; lastKnownFileType = sourcecode.swift; path = PhotosView.swift; sourceTree = "<group>"; };
		D671EEC728D8C3A000C0C1A8 /* AppCoordinator.swift */ = {isa = PBXFileReference; lastKnownFileType = sourcecode.swift; path = AppCoordinator.swift; sourceTree = "<group>"; };
		D671EEC928D8C43B00C0C1A8 /* RootCoordinator.swift */ = {isa = PBXFileReference; lastKnownFileType = sourcecode.swift; path = RootCoordinator.swift; sourceTree = "<group>"; };
		D671EED028D8E1BC00C0C1A8 /* Assembly.swift */ = {isa = PBXFileReference; lastKnownFileType = sourcecode.swift; path = Assembly.swift; sourceTree = "<group>"; };
		D671EEDA28DB7B3800C0C1A8 /* FeedCoordinator.swift */ = {isa = PBXFileReference; lastKnownFileType = sourcecode.swift; path = FeedCoordinator.swift; sourceTree = "<group>"; };
		D6734AAC2863961E00E4E76C /* ProfileViewController.swift */ = {isa = PBXFileReference; lastKnownFileType = sourcecode.swift; path = ProfileViewController.swift; sourceTree = "<group>"; };
		D683619B28ECC72400E880EC /* Carnage.mp3 */ = {isa = PBXFileReference; lastKnownFileType = audio.mp3; path = Carnage.mp3; sourceTree = "<group>"; };
		D683619D28EE1A4000E880EC /* Duality.mp3 */ = {isa = PBXFileReference; lastKnownFileType = audio.mp3; path = Duality.mp3; sourceTree = "<group>"; };
		D68B0B8528DE2340007462E2 /* FeedOutput.swift */ = {isa = PBXFileReference; lastKnownFileType = sourcecode.swift; path = FeedOutput.swift; sourceTree = "<group>"; };
		D68B0B8928DF45FE007462E2 /* ProfileOutput.swift */ = {isa = PBXFileReference; lastKnownFileType = sourcecode.swift; path = ProfileOutput.swift; sourceTree = "<group>"; };
		D68B0B8B28DF4A9C007462E2 /* ProfileCoordinator.swift */ = {isa = PBXFileReference; lastKnownFileType = sourcecode.swift; path = ProfileCoordinator.swift; sourceTree = "<group>"; };
		D68B0B8D28DF700E007462E2 /* ProfileViewModel.swift */ = {isa = PBXFileReference; lastKnownFileType = sourcecode.swift; path = ProfileViewModel.swift; sourceTree = "<group>"; };
		D6ADF318287D82F4009D90E2 /* LogInViewController.swift */ = {isa = PBXFileReference; lastKnownFileType = sourcecode.swift; path = LogInViewController.swift; sourceTree = "<group>"; };
		D6ADF31A287DC7ED009D90E2 /* LoginCustomButton.swift */ = {isa = PBXFileReference; lastKnownFileType = sourcecode.swift; path = LoginCustomButton.swift; sourceTree = "<group>"; };
		D6B8437028CF689300E4261D /* CustomButton.swift */ = {isa = PBXFileReference; lastKnownFileType = sourcecode.swift; path = CustomButton.swift; sourceTree = "<group>"; };
		D6B8437328D262E400E4261D /* FeedModel.swift */ = {isa = PBXFileReference; lastKnownFileType = sourcecode.swift; path = FeedModel.swift; sourceTree = "<group>"; };
		D6D0395B28E0AE9500D90AB4 /* PhotosViewModel.swift */ = {isa = PBXFileReference; lastKnownFileType = sourcecode.swift; path = PhotosViewModel.swift; sourceTree = "<group>"; };
		D6D0718A286B802A00043F15 /* ProfileHeaderView.swift */ = {isa = PBXFileReference; lastKnownFileType = sourcecode.swift; path = ProfileHeaderView.swift; sourceTree = "<group>"; };
		D6D90DEC2880300F005D8B13 /* ProfileTableHederView.swift */ = {isa = PBXFileReference; lastKnownFileType = sourcecode.swift; path = ProfileTableHederView.swift; sourceTree = "<group>"; };
		D6D90DEE288045A4005D8B13 /* ProfilePost.swift */ = {isa = PBXFileReference; lastKnownFileType = sourcecode.swift; path = ProfilePost.swift; sourceTree = "<group>"; };
		D6D90DF22880580E005D8B13 /* PostTableViewCell.swift */ = {isa = PBXFileReference; lastKnownFileType = sourcecode.swift; path = PostTableViewCell.swift; sourceTree = "<group>"; };
		D6EB2DDA28FAFD7C0027DB31 /* ModelForHW2.swift */ = {isa = PBXFileReference; lastKnownFileType = sourcecode.swift; path = ModelForHW2.swift; sourceTree = "<group>"; };
		D6FC765B28CC8A5D00D76D58 /* Checker.swift */ = {isa = PBXFileReference; lastKnownFileType = sourcecode.swift; path = Checker.swift; sourceTree = "<group>"; };
		D6FC765D28CD07B100D76D58 /* LoginFactory.swift */ = {isa = PBXFileReference; lastKnownFileType = sourcecode.swift; path = LoginFactory.swift; sourceTree = "<group>"; };
/* End PBXFileReference section */

/* Begin PBXFrameworksBuildPhase section */
		D65EA479286395A300DD5B22 /* Frameworks */ = {
			isa = PBXFrameworksBuildPhase;
			buildActionMask = 2147483647;
			files = (
				D646E904291AC92500600308 /* RealmSwift in Frameworks */,
				D660C7C628B3D52900AED09E /* StorageService.framework in Frameworks */,
				D63182B928FDC0F100471F8A /* FirebaseAuth in Frameworks */,
				D67BA35228CE0D33001ACC4F /* iOSIntPackage in Frameworks */,
			);
			runOnlyForDeploymentPostprocessing = 0;
		};
		D660C7BD28B3D52900AED09E /* Frameworks */ = {
			isa = PBXFrameworksBuildPhase;
			buildActionMask = 2147483647;
			files = (
			);
			runOnlyForDeploymentPostprocessing = 0;
		};
/* End PBXFrameworksBuildPhase section */

/* Begin PBXGroup section */
		D63182BC28FDF05900471F8A /* temp */ = {
			isa = PBXGroup;
			children = (
				D6002D4E28CB94AC00A33029 /* TestUserService.swift */,
				D6002D4828BD429800A33029 /* User.swift */,
				D6FC765B28CC8A5D00D76D58 /* Checker.swift */,
				D6002D4A28BD43B000A33029 /* UserService.swift */,
				D6FC765D28CD07B100D76D58 /* LoginFactory.swift */,
				D6002D4C28CA229C00A33029 /* CurrentUserService.swift */,
			);
			path = temp;
			sourceTree = "<group>";
		};
		D65EA473286395A300DD5B22 = {
			isa = PBXGroup;
			children = (
				D6B8437028CF689300E4261D /* CustomButton.swift */,
				D656896328F7443B00162B31 /* NetworkManager.swift */,
				D6EB2DDA28FAFD7C0027DB31 /* ModelForHW2.swift */,
				D671EED028D8E1BC00C0C1A8 /* Assembly.swift */,
				D646E905291AD27000600308 /* RealmModel.swift */,
				D671EEC928D8C43B00C0C1A8 /* RootCoordinator.swift */,
				D601433C28E4D6570030D17E /* BruteForce.swift */,
				D63182BA28FDEFCD00471F8A /* CheckerServise.swift */,
				D671EEAE28D784E100C0C1A8 /* Controller */,
				D65EA47E286395A300DD5B22 /* Navigation */,
				D660C7C128B3D52900AED09E /* StorageService */,
				D65EA47D286395A300DD5B22 /* Products */,
			);
			sourceTree = "<group>";
		};
		D65EA47D286395A300DD5B22 /* Products */ = {
			isa = PBXGroup;
			children = (
				D65EA47C286395A300DD5B22 /* Navigation.app */,
				D660C7C028B3D52900AED09E /* StorageService.framework */,
			);
			name = Products;
			sourceTree = "<group>";
		};
		D65EA47E286395A300DD5B22 /* Navigation */ = {
			isa = PBXGroup;
			children = (
				D65EA47F286395A300DD5B22 /* AppDelegate.swift */,
				D671EEC728D8C3A000C0C1A8 /* AppCoordinator.swift */,
				D65EA481286395A300DD5B22 /* SceneDelegate.swift */,
				D65EA488286395A300DD5B22 /* Assets.xcassets */,
				D6BA8CA328F35075000AE271 /* Audio */,
				D65EA48A286395A300DD5B22 /* LaunchScreen.storyboard */,
				D63182BD28FE033E00471F8A /* GoogleService-Info.plist */,
				D65EA48D286395A300DD5B22 /* Info.plist */,
			);
			path = Navigation;
			sourceTree = "<group>";
		};
		D660C7C128B3D52900AED09E /* StorageService */ = {
			isa = PBXGroup;
			children = (
				D660C7C228B3D52900AED09E /* StorageService.h */,
				D6644EB6286762AE005D69A9 /* Post.swift */,
			);
			path = StorageService;
			sourceTree = "<group>";
		};
		D671EEAE28D784E100C0C1A8 /* Controller */ = {
			isa = PBXGroup;
			children = (
				D6B8436E28CF65D900E4261D /* LoginViewController */,
				D671EEB828D7A4EA00C0C1A8 /* FeedViewController */,
				D671EEBB28D7A6F100C0C1A8 /* ProfileViewController */,
			);
			path = Controller;
			sourceTree = "<group>";
		};
		D671EEB328D7A02E00C0C1A8 /* SubFeedViewControllers */ = {
			isa = PBXGroup;
			children = (
				D671EEB528D7A0BE00C0C1A8 /* InfoView.swift */,
				D671EEB928D7A59D00C0C1A8 /* InfoViewController.swift */,
				D6644EB42867585E005D69A9 /* PostViewController.swift */,
			);
			path = SubFeedViewControllers;
			sourceTree = "<group>";
		};
		D671EEB728D7A4CC00C0C1A8 /* ProfileView */ = {
			isa = PBXGroup;
			children = (
				D6D0718A286B802A00043F15 /* ProfileHeaderView.swift */,
				D6D90DEC2880300F005D8B13 /* ProfileTableHederView.swift */,
				D6D90DF22880580E005D8B13 /* PostTableViewCell.swift */,
			);
			path = ProfileView;
			sourceTree = "<group>";
		};
		D671EEB828D7A4EA00C0C1A8 /* FeedViewController */ = {
			isa = PBXGroup;
			children = (
				D65EA483286395A300DD5B22 /* FeedViewController.swift */,
				D671EEDA28DB7B3800C0C1A8 /* FeedCoordinator.swift */,
				D6B8437328D262E400E4261D /* FeedModel.swift */,
				D68B0B8528DE2340007462E2 /* FeedOutput.swift */,
				D671EEB328D7A02E00C0C1A8 /* SubFeedViewControllers */,
			);
			path = FeedViewController;
			sourceTree = "<group>";
		};
		D671EEBB28D7A6F100C0C1A8 /* ProfileViewController */ = {
			isa = PBXGroup;
			children = (
				D68B0B8B28DF4A9C007462E2 /* ProfileCoordinator.swift */,
				D6734AAC2863961E00E4E76C /* ProfileViewController.swift */,
				D68B0B8D28DF700E007462E2 /* ProfileViewModel.swift */,
				D68B0B8928DF45FE007462E2 /* ProfileOutput.swift */,
				D6D90DEE288045A4005D8B13 /* ProfilePost.swift */,
				D671EEB728D7A4CC00C0C1A8 /* ProfileView */,
				D6B8436F28CF66BD00E4261D /* PhotosViewController */,
			);
			path = ProfileViewController;
			sourceTree = "<group>";
		};
		D671EEC128D7B06A00C0C1A8 /* PhotosView */ = {
			isa = PBXGroup;
			children = (
				D6212A092889A9C1000D72F9 /* Photo.swift */,
				D671EEC328D7B0B400C0C1A8 /* PhotosView.swift */,
				D6212A0528898150000D72F9 /* PhotosTableViewCell.swift */,
				D6212A0B288C09B8000D72F9 /* PhotosCollectionViewCell.swift */,
			);
			path = PhotosView;
			sourceTree = "<group>";
		};
		D6B8436E28CF65D900E4261D /* LoginViewController */ = {
			isa = PBXGroup;
			children = (
				D6ADF318287D82F4009D90E2 /* LogInViewController.swift */,
				D6ADF31A287DC7ED009D90E2 /* LoginCustomButton.swift */,
				D63182BC28FDF05900471F8A /* temp */,
			);
			path = LoginViewController;
			sourceTree = "<group>";
		};
		D6B8436F28CF66BD00E4261D /* PhotosViewController */ = {
			isa = PBXGroup;
			children = (
				D6212A0728898E43000D72F9 /* PhotosViewController.swift */,
				D6D0395B28E0AE9500D90AB4 /* PhotosViewModel.swift */,
				D671EEC128D7B06A00C0C1A8 /* PhotosView */,
			);
			path = PhotosViewController;
			sourceTree = "<group>";
		};
		D6BA8CA328F35075000AE271 /* Audio */ = {
			isa = PBXGroup;
			children = (
				D6709DB328F1EA8700F9F5B6 /* Hypa.mp3 */,
				D6709DB528F1EA8D00F9F5B6 /* Weak.mp3 */,
				D6709DB128F1EA7E00F9F5B6 /* Atoma.mp3 */,
				D683619D28EE1A4000E880EC /* Duality.mp3 */,
				D683619B28ECC72400E880EC /* Carnage.mp3 */,
			);
			path = Audio;
			sourceTree = "<group>";
		};
/* End PBXGroup section */

/* Begin PBXHeadersBuildPhase section */
		D660C7BB28B3D52900AED09E /* Headers */ = {
			isa = PBXHeadersBuildPhase;
			buildActionMask = 2147483647;
			files = (
				D660C7C328B3D52900AED09E /* StorageService.h in Headers */,
			);
			runOnlyForDeploymentPostprocessing = 0;
		};
/* End PBXHeadersBuildPhase section */

/* Begin PBXNativeTarget section */
		D65EA47B286395A300DD5B22 /* Navigation */ = {
			isa = PBXNativeTarget;
			buildConfigurationList = D65EA490286395A300DD5B22 /* Build configuration list for PBXNativeTarget "Navigation" */;
			buildPhases = (
				D65EA478286395A300DD5B22 /* Sources */,
				D65EA479286395A300DD5B22 /* Frameworks */,
				D65EA47A286395A300DD5B22 /* Resources */,
				D660C7B728B3D17A00AED09E /* Embed Frameworks */,
			);
			buildRules = (
			);
			dependencies = (
				D660C7C528B3D52900AED09E /* PBXTargetDependency */,
			);
			name = Navigation;
			packageProductDependencies = (
				D67BA35128CE0D33001ACC4F /* iOSIntPackage */,
				D63182B828FDC0F100471F8A /* FirebaseAuth */,
				D646E903291AC92500600308 /* RealmSwift */,
			);
			productName = Navigation;
			productReference = D65EA47C286395A300DD5B22 /* Navigation.app */;
			productType = "com.apple.product-type.application";
		};
		D660C7BF28B3D52900AED09E /* StorageService */ = {
			isa = PBXNativeTarget;
			buildConfigurationList = D660C7C828B3D52900AED09E /* Build configuration list for PBXNativeTarget "StorageService" */;
			buildPhases = (
				D660C7BB28B3D52900AED09E /* Headers */,
				D660C7BC28B3D52900AED09E /* Sources */,
				D660C7BD28B3D52900AED09E /* Frameworks */,
				D660C7BE28B3D52900AED09E /* Resources */,
			);
			buildRules = (
			);
			dependencies = (
			);
			name = StorageService;
			productName = StorageService;
			productReference = D660C7C028B3D52900AED09E /* StorageService.framework */;
			productType = "com.apple.product-type.framework";
		};
/* End PBXNativeTarget section */

/* Begin PBXProject section */
		D65EA474286395A300DD5B22 /* Project object */ = {
			isa = PBXProject;
			attributes = {
				BuildIndependentTargetsInParallel = 1;
				LastSwiftUpdateCheck = 1320;
				LastUpgradeCheck = 1320;
				TargetAttributes = {
					D65EA47B286395A300DD5B22 = {
						CreatedOnToolsVersion = 13.2.1;
					};
					D660C7BF28B3D52900AED09E = {
						CreatedOnToolsVersion = 13.2.1;
					};
				};
			};
			buildConfigurationList = D65EA477286395A300DD5B22 /* Build configuration list for PBXProject "Navigation" */;
			compatibilityVersion = "Xcode 13.0";
			developmentRegion = en;
			hasScannedForEncodings = 0;
			knownRegions = (
				en,
				Base,
			);
			mainGroup = D65EA473286395A300DD5B22;
			packageReferences = (
				D67BA35028CE0D33001ACC4F /* XCRemoteSwiftPackageReference "iOSIntPackage" */,
				D63182B728FDC0F100471F8A /* XCRemoteSwiftPackageReference "firebase-ios-sdk" */,
				D646E902291AC92500600308 /* XCRemoteSwiftPackageReference "realm-swift" */,
			);
			productRefGroup = D65EA47D286395A300DD5B22 /* Products */;
			projectDirPath = "";
			projectRoot = "";
			targets = (
				D65EA47B286395A300DD5B22 /* Navigation */,
				D660C7BF28B3D52900AED09E /* StorageService */,
			);
		};
/* End PBXProject section */

/* Begin PBXResourcesBuildPhase section */
		D65EA47A286395A300DD5B22 /* Resources */ = {
			isa = PBXResourcesBuildPhase;
			buildActionMask = 2147483647;
			files = (
				D6709DB628F1EA8D00F9F5B6 /* Weak.mp3 in Resources */,
				D63182BE28FE033E00471F8A /* GoogleService-Info.plist in Resources */,
				D6709DB428F1EA8700F9F5B6 /* Hypa.mp3 in Resources */,
				D65EA48C286395A300DD5B22 /* LaunchScreen.storyboard in Resources */,
				D683619E28EE1A4000E880EC /* Duality.mp3 in Resources */,
				D65EA489286395A300DD5B22 /* Assets.xcassets in Resources */,
				D683619C28ECC72400E880EC /* Carnage.mp3 in Resources */,
				D6709DB228F1EA7E00F9F5B6 /* Atoma.mp3 in Resources */,
			);
			runOnlyForDeploymentPostprocessing = 0;
		};
		D660C7BE28B3D52900AED09E /* Resources */ = {
			isa = PBXResourcesBuildPhase;
			buildActionMask = 2147483647;
			files = (
				D63182BF28FE033E00471F8A /* GoogleService-Info.plist in Resources */,
			);
			runOnlyForDeploymentPostprocessing = 0;
		};
/* End PBXResourcesBuildPhase section */

/* Begin PBXSourcesBuildPhase section */
		D65EA478286395A300DD5B22 /* Sources */ = {
			isa = PBXSourcesBuildPhase;
			buildActionMask = 2147483647;
			files = (
				D671EED128D8E1BC00C0C1A8 /* Assembly.swift in Sources */,
				D6212A0A2889A9C2000D72F9 /* Photo.swift in Sources */,
				D65EA484286395A300DD5B22 /* FeedViewController.swift in Sources */,
				D671EEC428D7B0B400C0C1A8 /* PhotosView.swift in Sources */,
				D6002D4B28BD43B000A33029 /* UserService.swift in Sources */,
				D6D90DED2880300F005D8B13 /* ProfileTableHederView.swift in Sources */,
				D6002D4D28CA229C00A33029 /* CurrentUserService.swift in Sources */,
				D6D0395C28E0AE9500D90AB4 /* PhotosViewModel.swift in Sources */,
				D671EEC828D8C3A000C0C1A8 /* AppCoordinator.swift in Sources */,
				D65EA480286395A300DD5B22 /* AppDelegate.swift in Sources */,
				D6ADF319287D82F4009D90E2 /* LogInViewController.swift in Sources */,
				D6B8437428D262E400E4261D /* FeedModel.swift in Sources */,
				D6734AAD2863961E00E4E76C /* ProfileViewController.swift in Sources */,
				D646E906291AD27000600308 /* RealmModel.swift in Sources */,
				D6002D4F28CB94AC00A33029 /* TestUserService.swift in Sources */,
				D6ADF31B287DC7ED009D90E2 /* LoginCustomButton.swift in Sources */,
				D6002D4928BD429800A33029 /* User.swift in Sources */,
				D68B0B8A28DF45FE007462E2 /* ProfileOutput.swift in Sources */,
				D6D90DF32880580E005D8B13 /* PostTableViewCell.swift in Sources */,
				D6212A0628898150000D72F9 /* PhotosTableViewCell.swift in Sources */,
				D656896428F7443B00162B31 /* NetworkManager.swift in Sources */,
				D68B0B8C28DF4A9C007462E2 /* ProfileCoordinator.swift in Sources */,
				D601433D28E4D6570030D17E /* BruteForce.swift in Sources */,
				D671EEBA28D7A59D00C0C1A8 /* InfoViewController.swift in Sources */,
				D6EB2DDB28FAFD7C0027DB31 /* ModelForHW2.swift in Sources */,
				D6FC765E28CD07B100D76D58 /* LoginFactory.swift in Sources */,
				D6212A0828898E43000D72F9 /* PhotosViewController.swift in Sources */,
				D671EEDB28DB7B3800C0C1A8 /* FeedCoordinator.swift in Sources */,
				D63182BB28FDEFCD00471F8A /* CheckerServise.swift in Sources */,
				D671EEB628D7A0BE00C0C1A8 /* InfoView.swift in Sources */,
				D671EECA28D8C43B00C0C1A8 /* RootCoordinator.swift in Sources */,
				D65EA482286395A300DD5B22 /* SceneDelegate.swift in Sources */,
				D6B8437128CF689300E4261D /* CustomButton.swift in Sources */,
				D68B0B8628DE2340007462E2 /* FeedOutput.swift in Sources */,
				D6644EB52867585E005D69A9 /* PostViewController.swift in Sources */,
				D6212A0C288C09B8000D72F9 /* PhotosCollectionViewCell.swift in Sources */,
				D68B0B8E28DF700E007462E2 /* ProfileViewModel.swift in Sources */,
				D6D0718B286B802A00043F15 /* ProfileHeaderView.swift in Sources */,
				D6FC765C28CC8A5D00D76D58 /* Checker.swift in Sources */,
				D6D90DEF288045A4005D8B13 /* ProfilePost.swift in Sources */,
			);
			runOnlyForDeploymentPostprocessing = 0;
		};
		D660C7BC28B3D52900AED09E /* Sources */ = {
			isa = PBXSourcesBuildPhase;
			buildActionMask = 2147483647;
			files = (
				D660C7CB28B3D82B00AED09E /* Post.swift in Sources */,
			);
			runOnlyForDeploymentPostprocessing = 0;
		};
/* End PBXSourcesBuildPhase section */

/* Begin PBXTargetDependency section */
		D660C7C528B3D52900AED09E /* PBXTargetDependency */ = {
			isa = PBXTargetDependency;
			target = D660C7BF28B3D52900AED09E /* StorageService */;
			targetProxy = D660C7C428B3D52900AED09E /* PBXContainerItemProxy */;
		};
/* End PBXTargetDependency section */

/* Begin PBXVariantGroup section */
		D65EA48A286395A300DD5B22 /* LaunchScreen.storyboard */ = {
			isa = PBXVariantGroup;
			children = (
				D65EA48B286395A300DD5B22 /* Base */,
			);
			name = LaunchScreen.storyboard;
			sourceTree = "<group>";
		};
/* End PBXVariantGroup section */

/* Begin XCBuildConfiguration section */
		D65EA48E286395A300DD5B22 /* Debug */ = {
			isa = XCBuildConfiguration;
			buildSettings = {
				ALWAYS_SEARCH_USER_PATHS = NO;
				CLANG_ANALYZER_NONNULL = YES;
				CLANG_ANALYZER_NUMBER_OBJECT_CONVERSION = YES_AGGRESSIVE;
				CLANG_CXX_LANGUAGE_STANDARD = "gnu++17";
				CLANG_CXX_LIBRARY = "libc++";
				CLANG_ENABLE_MODULES = YES;
				CLANG_ENABLE_OBJC_ARC = YES;
				CLANG_ENABLE_OBJC_WEAK = YES;
				CLANG_WARN_BLOCK_CAPTURE_AUTORELEASING = YES;
				CLANG_WARN_BOOL_CONVERSION = YES;
				CLANG_WARN_COMMA = YES;
				CLANG_WARN_CONSTANT_CONVERSION = YES;
				CLANG_WARN_DEPRECATED_OBJC_IMPLEMENTATIONS = YES;
				CLANG_WARN_DIRECT_OBJC_ISA_USAGE = YES_ERROR;
				CLANG_WARN_DOCUMENTATION_COMMENTS = YES;
				CLANG_WARN_EMPTY_BODY = YES;
				CLANG_WARN_ENUM_CONVERSION = YES;
				CLANG_WARN_INFINITE_RECURSION = YES;
				CLANG_WARN_INT_CONVERSION = YES;
				CLANG_WARN_NON_LITERAL_NULL_CONVERSION = YES;
				CLANG_WARN_OBJC_IMPLICIT_RETAIN_SELF = YES;
				CLANG_WARN_OBJC_LITERAL_CONVERSION = YES;
				CLANG_WARN_OBJC_ROOT_CLASS = YES_ERROR;
				CLANG_WARN_QUOTED_INCLUDE_IN_FRAMEWORK_HEADER = YES;
				CLANG_WARN_RANGE_LOOP_ANALYSIS = YES;
				CLANG_WARN_STRICT_PROTOTYPES = YES;
				CLANG_WARN_SUSPICIOUS_MOVE = YES;
				CLANG_WARN_UNGUARDED_AVAILABILITY = YES_AGGRESSIVE;
				CLANG_WARN_UNREACHABLE_CODE = YES;
				CLANG_WARN__DUPLICATE_METHOD_MATCH = YES;
				COPY_PHASE_STRIP = NO;
				DEBUG_INFORMATION_FORMAT = dwarf;
				ENABLE_STRICT_OBJC_MSGSEND = YES;
				ENABLE_TESTABILITY = YES;
				GCC_C_LANGUAGE_STANDARD = gnu11;
				GCC_DYNAMIC_NO_PIC = NO;
				GCC_NO_COMMON_BLOCKS = YES;
				GCC_OPTIMIZATION_LEVEL = 0;
				GCC_PREPROCESSOR_DEFINITIONS = (
					"DEBUG=1",
					"$(inherited)",
				);
				GCC_WARN_64_TO_32_BIT_CONVERSION = YES;
				GCC_WARN_ABOUT_RETURN_TYPE = YES_ERROR;
				GCC_WARN_UNDECLARED_SELECTOR = YES;
				GCC_WARN_UNINITIALIZED_AUTOS = YES_AGGRESSIVE;
				GCC_WARN_UNUSED_FUNCTION = YES;
				GCC_WARN_UNUSED_VARIABLE = YES;
				IPHONEOS_DEPLOYMENT_TARGET = 14.0;
				MTL_ENABLE_DEBUG_INFO = INCLUDE_SOURCE;
				MTL_FAST_MATH = YES;
				ONLY_ACTIVE_ARCH = YES;
				SDKROOT = iphoneos;
				SWIFT_ACTIVE_COMPILATION_CONDITIONS = DEBUG;
				SWIFT_OPTIMIZATION_LEVEL = "-Onone";
			};
			name = Debug;
		};
		D65EA48F286395A300DD5B22 /* Release */ = {
			isa = XCBuildConfiguration;
			buildSettings = {
				ALWAYS_SEARCH_USER_PATHS = NO;
				CLANG_ANALYZER_NONNULL = YES;
				CLANG_ANALYZER_NUMBER_OBJECT_CONVERSION = YES_AGGRESSIVE;
				CLANG_CXX_LANGUAGE_STANDARD = "gnu++17";
				CLANG_CXX_LIBRARY = "libc++";
				CLANG_ENABLE_MODULES = YES;
				CLANG_ENABLE_OBJC_ARC = YES;
				CLANG_ENABLE_OBJC_WEAK = YES;
				CLANG_WARN_BLOCK_CAPTURE_AUTORELEASING = YES;
				CLANG_WARN_BOOL_CONVERSION = YES;
				CLANG_WARN_COMMA = YES;
				CLANG_WARN_CONSTANT_CONVERSION = YES;
				CLANG_WARN_DEPRECATED_OBJC_IMPLEMENTATIONS = YES;
				CLANG_WARN_DIRECT_OBJC_ISA_USAGE = YES_ERROR;
				CLANG_WARN_DOCUMENTATION_COMMENTS = YES;
				CLANG_WARN_EMPTY_BODY = YES;
				CLANG_WARN_ENUM_CONVERSION = YES;
				CLANG_WARN_INFINITE_RECURSION = YES;
				CLANG_WARN_INT_CONVERSION = YES;
				CLANG_WARN_NON_LITERAL_NULL_CONVERSION = YES;
				CLANG_WARN_OBJC_IMPLICIT_RETAIN_SELF = YES;
				CLANG_WARN_OBJC_LITERAL_CONVERSION = YES;
				CLANG_WARN_OBJC_ROOT_CLASS = YES_ERROR;
				CLANG_WARN_QUOTED_INCLUDE_IN_FRAMEWORK_HEADER = YES;
				CLANG_WARN_RANGE_LOOP_ANALYSIS = YES;
				CLANG_WARN_STRICT_PROTOTYPES = YES;
				CLANG_WARN_SUSPICIOUS_MOVE = YES;
				CLANG_WARN_UNGUARDED_AVAILABILITY = YES_AGGRESSIVE;
				CLANG_WARN_UNREACHABLE_CODE = YES;
				CLANG_WARN__DUPLICATE_METHOD_MATCH = YES;
				COPY_PHASE_STRIP = NO;
				DEBUG_INFORMATION_FORMAT = "dwarf-with-dsym";
				ENABLE_NS_ASSERTIONS = NO;
				ENABLE_STRICT_OBJC_MSGSEND = YES;
				GCC_C_LANGUAGE_STANDARD = gnu11;
				GCC_NO_COMMON_BLOCKS = YES;
				GCC_WARN_64_TO_32_BIT_CONVERSION = YES;
				GCC_WARN_ABOUT_RETURN_TYPE = YES_ERROR;
				GCC_WARN_UNDECLARED_SELECTOR = YES;
				GCC_WARN_UNINITIALIZED_AUTOS = YES_AGGRESSIVE;
				GCC_WARN_UNUSED_FUNCTION = YES;
				GCC_WARN_UNUSED_VARIABLE = YES;
				IPHONEOS_DEPLOYMENT_TARGET = 14.0;
				MTL_ENABLE_DEBUG_INFO = NO;
				MTL_FAST_MATH = YES;
				SDKROOT = iphoneos;
				SWIFT_COMPILATION_MODE = wholemodule;
				SWIFT_OPTIMIZATION_LEVEL = "-O";
				VALIDATE_PRODUCT = YES;
			};
			name = Release;
		};
		D65EA491286395A300DD5B22 /* Debug */ = {
			isa = XCBuildConfiguration;
			buildSettings = {
				ALWAYS_EMBED_SWIFT_STANDARD_LIBRARIES = YES;
				ASSETCATALOG_COMPILER_APPICON_NAME = AppIcon;
				ASSETCATALOG_COMPILER_GLOBAL_ACCENT_COLOR_NAME = AccentColor;
				CODE_SIGN_STYLE = Automatic;
				CURRENT_PROJECT_VERSION = 1;
				GENERATE_INFOPLIST_FILE = YES;
				INFOPLIST_FILE = Navigation/Info.plist;
				INFOPLIST_KEY_UIApplicationSupportsIndirectInputEvents = YES;
				INFOPLIST_KEY_UILaunchStoryboardName = LaunchScreen;
				INFOPLIST_KEY_UISupportedInterfaceOrientations_iPad = "UIInterfaceOrientationPortrait UIInterfaceOrientationPortraitUpsideDown UIInterfaceOrientationLandscapeLeft UIInterfaceOrientationLandscapeRight";
				INFOPLIST_KEY_UISupportedInterfaceOrientations_iPhone = "UIInterfaceOrientationPortrait UIInterfaceOrientationLandscapeLeft UIInterfaceOrientationLandscapeRight";
				LD_RUNPATH_SEARCH_PATHS = (
					"$(inherited)",
					"@executable_path/Frameworks",
				);
				MARKETING_VERSION = 1.0;
				PRODUCT_BUNDLE_IDENTIFIER = com.rbespalov.Navigation;
				PRODUCT_NAME = "$(TARGET_NAME)";
				SWIFT_EMIT_LOC_STRINGS = YES;
				SWIFT_VERSION = 5.0;
				TARGETED_DEVICE_FAMILY = "1,2";
			};
			name = Debug;
		};
		D65EA492286395A300DD5B22 /* Release */ = {
			isa = XCBuildConfiguration;
			buildSettings = {
				ALWAYS_EMBED_SWIFT_STANDARD_LIBRARIES = YES;
				ASSETCATALOG_COMPILER_APPICON_NAME = AppIcon;
				ASSETCATALOG_COMPILER_GLOBAL_ACCENT_COLOR_NAME = AccentColor;
				CODE_SIGN_STYLE = Automatic;
				CURRENT_PROJECT_VERSION = 1;
				GENERATE_INFOPLIST_FILE = YES;
				INFOPLIST_FILE = Navigation/Info.plist;
				INFOPLIST_KEY_UIApplicationSupportsIndirectInputEvents = YES;
				INFOPLIST_KEY_UILaunchStoryboardName = LaunchScreen;
				INFOPLIST_KEY_UISupportedInterfaceOrientations_iPad = "UIInterfaceOrientationPortrait UIInterfaceOrientationPortraitUpsideDown UIInterfaceOrientationLandscapeLeft UIInterfaceOrientationLandscapeRight";
				INFOPLIST_KEY_UISupportedInterfaceOrientations_iPhone = "UIInterfaceOrientationPortrait UIInterfaceOrientationLandscapeLeft UIInterfaceOrientationLandscapeRight";
				LD_RUNPATH_SEARCH_PATHS = (
					"$(inherited)",
					"@executable_path/Frameworks",
				);
				MARKETING_VERSION = 1.0;
				PRODUCT_BUNDLE_IDENTIFIER = com.rbespalov.Navigation;
				PRODUCT_NAME = "$(TARGET_NAME)";
				SWIFT_EMIT_LOC_STRINGS = YES;
				SWIFT_VERSION = 5.0;
				TARGETED_DEVICE_FAMILY = "1,2";
			};
			name = Release;
		};
		D660C7C928B3D52900AED09E /* Debug */ = {
			isa = XCBuildConfiguration;
			buildSettings = {
				CODE_SIGN_STYLE = Automatic;
				CURRENT_PROJECT_VERSION = 1;
				DEFINES_MODULE = YES;
				DYLIB_COMPATIBILITY_VERSION = 1;
				DYLIB_CURRENT_VERSION = 1;
				DYLIB_INSTALL_NAME_BASE = "@rpath";
				GENERATE_INFOPLIST_FILE = YES;
				INFOPLIST_KEY_NSHumanReadableCopyright = "";
				INSTALL_PATH = "$(LOCAL_LIBRARY_DIR)/Frameworks";
				LD_RUNPATH_SEARCH_PATHS = (
					"$(inherited)",
					"@executable_path/Frameworks",
					"@loader_path/Frameworks",
				);
				MARKETING_VERSION = 1.0;
				PRODUCT_BUNDLE_IDENTIFIER = com.rbespalov.StorageService;
				PRODUCT_NAME = "$(TARGET_NAME:c99extidentifier)";
				SKIP_INSTALL = YES;
				SWIFT_EMIT_LOC_STRINGS = YES;
				SWIFT_VERSION = 5.0;
				TARGETED_DEVICE_FAMILY = "1,2";
				VERSIONING_SYSTEM = "apple-generic";
				VERSION_INFO_PREFIX = "";
			};
			name = Debug;
		};
		D660C7CA28B3D52900AED09E /* Release */ = {
			isa = XCBuildConfiguration;
			buildSettings = {
				CODE_SIGN_STYLE = Automatic;
				CURRENT_PROJECT_VERSION = 1;
				DEFINES_MODULE = YES;
				DYLIB_COMPATIBILITY_VERSION = 1;
				DYLIB_CURRENT_VERSION = 1;
				DYLIB_INSTALL_NAME_BASE = "@rpath";
				GENERATE_INFOPLIST_FILE = YES;
				INFOPLIST_KEY_NSHumanReadableCopyright = "";
				INSTALL_PATH = "$(LOCAL_LIBRARY_DIR)/Frameworks";
				LD_RUNPATH_SEARCH_PATHS = (
					"$(inherited)",
					"@executable_path/Frameworks",
					"@loader_path/Frameworks",
				);
				MARKETING_VERSION = 1.0;
				PRODUCT_BUNDLE_IDENTIFIER = com.rbespalov.StorageService;
				PRODUCT_NAME = "$(TARGET_NAME:c99extidentifier)";
				SKIP_INSTALL = YES;
				SWIFT_EMIT_LOC_STRINGS = YES;
				SWIFT_VERSION = 5.0;
				TARGETED_DEVICE_FAMILY = "1,2";
				VERSIONING_SYSTEM = "apple-generic";
				VERSION_INFO_PREFIX = "";
			};
			name = Release;
		};
/* End XCBuildConfiguration section */

/* Begin XCConfigurationList section */
		D65EA477286395A300DD5B22 /* Build configuration list for PBXProject "Navigation" */ = {
			isa = XCConfigurationList;
			buildConfigurations = (
				D65EA48E286395A300DD5B22 /* Debug */,
				D65EA48F286395A300DD5B22 /* Release */,
			);
			defaultConfigurationIsVisible = 0;
			defaultConfigurationName = Release;
		};
		D65EA490286395A300DD5B22 /* Build configuration list for PBXNativeTarget "Navigation" */ = {
			isa = XCConfigurationList;
			buildConfigurations = (
				D65EA491286395A300DD5B22 /* Debug */,
				D65EA492286395A300DD5B22 /* Release */,
			);
			defaultConfigurationIsVisible = 0;
			defaultConfigurationName = Release;
		};
		D660C7C828B3D52900AED09E /* Build configuration list for PBXNativeTarget "StorageService" */ = {
			isa = XCConfigurationList;
			buildConfigurations = (
				D660C7C928B3D52900AED09E /* Debug */,
				D660C7CA28B3D52900AED09E /* Release */,
			);
			defaultConfigurationIsVisible = 0;
			defaultConfigurationName = Release;
		};
/* End XCConfigurationList section */

/* Begin XCRemoteSwiftPackageReference section */
		D63182B728FDC0F100471F8A /* XCRemoteSwiftPackageReference "firebase-ios-sdk" */ = {
			isa = XCRemoteSwiftPackageReference;
			repositoryURL = "https://github.com/firebase/firebase-ios-sdk";
			requirement = {
				kind = upToNextMajorVersion;
				minimumVersion = 9.0.0;
			};
		};
		D646E902291AC92500600308 /* XCRemoteSwiftPackageReference "realm-swift" */ = {
			isa = XCRemoteSwiftPackageReference;
			repositoryURL = "https://github.com/realm/realm-swift.git";
			requirement = {
				kind = upToNextMajorVersion;
				minimumVersion = 10.0.0;
			};
		};
		D67BA35028CE0D33001ACC4F /* XCRemoteSwiftPackageReference "iOSIntPackage" */ = {
			isa = XCRemoteSwiftPackageReference;
			repositoryURL = "https://github.com/TrueMax/iOSIntPackage.git";
			requirement = {
				branch = imagepublisher;
				kind = branch;
			};
		};
/* End XCRemoteSwiftPackageReference section */

/* Begin XCSwiftPackageProductDependency section */
		D63182B828FDC0F100471F8A /* FirebaseAuth */ = {
			isa = XCSwiftPackageProductDependency;
			package = D63182B728FDC0F100471F8A /* XCRemoteSwiftPackageReference "firebase-ios-sdk" */;
			productName = FirebaseAuth;
		};
		D646E903291AC92500600308 /* RealmSwift */ = {
			isa = XCSwiftPackageProductDependency;
			package = D646E902291AC92500600308 /* XCRemoteSwiftPackageReference "realm-swift" */;
			productName = RealmSwift;
		};
		D67BA35128CE0D33001ACC4F /* iOSIntPackage */ = {
			isa = XCSwiftPackageProductDependency;
			package = D67BA35028CE0D33001ACC4F /* XCRemoteSwiftPackageReference "iOSIntPackage" */;
			productName = iOSIntPackage;
		};
/* End XCSwiftPackageProductDependency section */
	};
	rootObject = D65EA474286395A300DD5B22 /* Project object */;
}
