// !$*UTF8*$!
{
	archiveVersion = 1;
	classes = {
	};
	objectVersion = 55;
	objects = {

/* Begin PBXBuildFile section */
		D65EA480286395A300DD5B22 /* AppDelegate.swift in Sources */ = {isa = PBXBuildFile; fileRef = D65EA47F286395A300DD5B22 /* AppDelegate.swift */; };
		D65EA482286395A300DD5B22 /* SceneDelegate.swift in Sources */ = {isa = PBXBuildFile; fileRef = D65EA481286395A300DD5B22 /* SceneDelegate.swift */; };
		D65EA484286395A300DD5B22 /* FeedViewController.swift in Sources */ = {isa = PBXBuildFile; fileRef = D65EA483286395A300DD5B22 /* FeedViewController.swift */; };
		D65EA489286395A300DD5B22 /* Assets.xcassets in Resources */ = {isa = PBXBuildFile; fileRef = D65EA488286395A300DD5B22 /* Assets.xcassets */; };
		D65EA48C286395A300DD5B22 /* LaunchScreen.storyboard in Resources */ = {isa = PBXBuildFile; fileRef = D65EA48A286395A300DD5B22 /* LaunchScreen.storyboard */; };
		D6644EB52867585E005D69A9 /* PostViewController.swift in Sources */ = {isa = PBXBuildFile; fileRef = D6644EB42867585E005D69A9 /* PostViewController.swift */; };
		D6644EB7286762AE005D69A9 /* Post.swift in Sources */ = {isa = PBXBuildFile; fileRef = D6644EB6286762AE005D69A9 /* Post.swift */; };
		D6644EBB286799A5005D69A9 /* InfoViewController.swift in Sources */ = {isa = PBXBuildFile; fileRef = D6644EBA286799A5005D69A9 /* InfoViewController.swift */; };
		D6734AAD2863961E00E4E76C /* ProfileViewController.swift in Sources */ = {isa = PBXBuildFile; fileRef = D6734AAC2863961E00E4E76C /* ProfileViewController.swift */; };
		D6ADF319287D82F4009D90E2 /* LogInViewController.swift in Sources */ = {isa = PBXBuildFile; fileRef = D6ADF318287D82F4009D90E2 /* LogInViewController.swift */; };
		D6ADF31B287DC7ED009D90E2 /* CustomButton.swift in Sources */ = {isa = PBXBuildFile; fileRef = D6ADF31A287DC7ED009D90E2 /* CustomButton.swift */; };
		D6D0718B286B802A00043F15 /* ProfileHeaderView.swift in Sources */ = {isa = PBXBuildFile; fileRef = D6D0718A286B802A00043F15 /* ProfileHeaderView.swift */; };
		D6D90DED2880300F005D8B13 /* ProfileTableHederView.swift in Sources */ = {isa = PBXBuildFile; fileRef = D6D90DEC2880300F005D8B13 /* ProfileTableHederView.swift */; };
		D6D90DEF288045A4005D8B13 /* ProfilePost.swift in Sources */ = {isa = PBXBuildFile; fileRef = D6D90DEE288045A4005D8B13 /* ProfilePost.swift */; };
		D6D90DF32880580E005D8B13 /* PostTableViewCell.swift in Sources */ = {isa = PBXBuildFile; fileRef = D6D90DF22880580E005D8B13 /* PostTableViewCell.swift */; };
/* End PBXBuildFile section */

/* Begin PBXFileReference section */
		D65EA47C286395A300DD5B22 /* Navigation.app */ = {isa = PBXFileReference; explicitFileType = wrapper.application; includeInIndex = 0; path = Navigation.app; sourceTree = BUILT_PRODUCTS_DIR; };
		D65EA47F286395A300DD5B22 /* AppDelegate.swift */ = {isa = PBXFileReference; lastKnownFileType = sourcecode.swift; path = AppDelegate.swift; sourceTree = "<group>"; };
		D65EA481286395A300DD5B22 /* SceneDelegate.swift */ = {isa = PBXFileReference; lastKnownFileType = sourcecode.swift; path = SceneDelegate.swift; sourceTree = "<group>"; };
		D65EA483286395A300DD5B22 /* FeedViewController.swift */ = {isa = PBXFileReference; lastKnownFileType = sourcecode.swift; path = FeedViewController.swift; sourceTree = "<group>"; };
		D65EA488286395A300DD5B22 /* Assets.xcassets */ = {isa = PBXFileReference; lastKnownFileType = folder.assetcatalog; path = Assets.xcassets; sourceTree = "<group>"; };
		D65EA48B286395A300DD5B22 /* Base */ = {isa = PBXFileReference; lastKnownFileType = file.storyboard; name = Base; path = Base.lproj/LaunchScreen.storyboard; sourceTree = "<group>"; };
		D65EA48D286395A300DD5B22 /* Info.plist */ = {isa = PBXFileReference; lastKnownFileType = text.plist.xml; path = Info.plist; sourceTree = "<group>"; };
		D6644EB42867585E005D69A9 /* PostViewController.swift */ = {isa = PBXFileReference; lastKnownFileType = sourcecode.swift; path = PostViewController.swift; sourceTree = "<group>"; };
		D6644EB6286762AE005D69A9 /* Post.swift */ = {isa = PBXFileReference; lastKnownFileType = sourcecode.swift; path = Post.swift; sourceTree = "<group>"; };
		D6644EBA286799A5005D69A9 /* InfoViewController.swift */ = {isa = PBXFileReference; lastKnownFileType = sourcecode.swift; name = InfoViewController.swift; path = Navigation/InfoViewController.swift; sourceTree = SOURCE_ROOT; };
		D6734AAC2863961E00E4E76C /* ProfileViewController.swift */ = {isa = PBXFileReference; lastKnownFileType = sourcecode.swift; path = ProfileViewController.swift; sourceTree = "<group>"; };
		D6ADF318287D82F4009D90E2 /* LogInViewController.swift */ = {isa = PBXFileReference; lastKnownFileType = sourcecode.swift; path = LogInViewController.swift; sourceTree = "<group>"; };
		D6ADF31A287DC7ED009D90E2 /* CustomButton.swift */ = {isa = PBXFileReference; lastKnownFileType = sourcecode.swift; path = CustomButton.swift; sourceTree = "<group>"; };
		D6D0718A286B802A00043F15 /* ProfileHeaderView.swift */ = {isa = PBXFileReference; lastKnownFileType = sourcecode.swift; path = ProfileHeaderView.swift; sourceTree = "<group>"; };
		D6D90DEC2880300F005D8B13 /* ProfileTableHederView.swift */ = {isa = PBXFileReference; lastKnownFileType = sourcecode.swift; path = ProfileTableHederView.swift; sourceTree = "<group>"; };
		D6D90DEE288045A4005D8B13 /* ProfilePost.swift */ = {isa = PBXFileReference; lastKnownFileType = sourcecode.swift; path = ProfilePost.swift; sourceTree = "<group>"; };
		D6D90DF22880580E005D8B13 /* PostTableViewCell.swift */ = {isa = PBXFileReference; lastKnownFileType = sourcecode.swift; path = PostTableViewCell.swift; sourceTree = "<group>"; };
/* End PBXFileReference section */

/* Begin PBXFrameworksBuildPhase section */
		D65EA479286395A300DD5B22 /* Frameworks */ = {
			isa = PBXFrameworksBuildPhase;
			buildActionMask = 2147483647;
			files = (
			);
			runOnlyForDeploymentPostprocessing = 0;
		};
/* End PBXFrameworksBuildPhase section */

/* Begin PBXGroup section */
		D65EA473286395A300DD5B22 = {
			isa = PBXGroup;
			children = (
				D6D07189286B7FD000043F15 /* Profile */,
				D65EA47E286395A300DD5B22 /* Navigation */,
				D65EA47D286395A300DD5B22 /* Products */,
			);
			sourceTree = "<group>";
		};
		D65EA47D286395A300DD5B22 /* Products */ = {
			isa = PBXGroup;
			children = (
				D65EA47C286395A300DD5B22 /* Navigation.app */,
			);
			name = Products;
			sourceTree = "<group>";
		};
		D65EA47E286395A300DD5B22 /* Navigation */ = {
			isa = PBXGroup;
			children = (
				D65EA47F286395A300DD5B22 /* AppDelegate.swift */,
				D65EA481286395A300DD5B22 /* SceneDelegate.swift */,
				D65EA488286395A300DD5B22 /* Assets.xcassets */,
				D65EA48A286395A300DD5B22 /* LaunchScreen.storyboard */,
				D6644EBA286799A5005D69A9 /* InfoViewController.swift */,
				D65EA483286395A300DD5B22 /* FeedViewController.swift */,
				D6644EB42867585E005D69A9 /* PostViewController.swift */,
				D6644EB6286762AE005D69A9 /* Post.swift */,
				D65EA48D286395A300DD5B22 /* Info.plist */,
			);
			path = Navigation;
			sourceTree = "<group>";
		};
		D6D07189286B7FD000043F15 /* Profile */ = {
			isa = PBXGroup;
			children = (
				D6734AAC2863961E00E4E76C /* ProfileViewController.swift */,
				D6D90DEC2880300F005D8B13 /* ProfileTableHederView.swift */,
				D6D0718A286B802A00043F15 /* ProfileHeaderView.swift */,
				D6D90DEE288045A4005D8B13 /* ProfilePost.swift */,
				D6D90DF22880580E005D8B13 /* PostTableViewCell.swift */,
				D6ADF318287D82F4009D90E2 /* LogInViewController.swift */,
				D6ADF31A287DC7ED009D90E2 /* CustomButton.swift */,
			);
			path = Profile;
			sourceTree = "<group>";
		};
/* End PBXGroup section */

/* Begin PBXNativeTarget section */
		D65EA47B286395A300DD5B22 /* Navigation */ = {
			isa = PBXNativeTarget;
			buildConfigurationList = D65EA490286395A300DD5B22 /* Build configuration list for PBXNativeTarget "Navigation" */;
			buildPhases = (
				D65EA478286395A300DD5B22 /* Sources */,
				D65EA479286395A300DD5B22 /* Frameworks */,
				D65EA47A286395A300DD5B22 /* Resources */,
			);
			buildRules = (
			);
			dependencies = (
			);
			name = Navigation;
			productName = Navigation;
			productReference = D65EA47C286395A300DD5B22 /* Navigation.app */;
			productType = "com.apple.product-type.application";
		};
/* End PBXNativeTarget section */

/* Begin PBXProject section */
		D65EA474286395A300DD5B22 /* Project object */ = {
			isa = PBXProject;
			attributes = {
				BuildIndependentTargetsInParallel = 1;
				LastSwiftUpdateCheck = 1320;
				LastUpgradeCheck = 1320;
				TargetAttributes = {
					D65EA47B286395A300DD5B22 = {
						CreatedOnToolsVersion = 13.2.1;
					};
				};
			};
			buildConfigurationList = D65EA477286395A300DD5B22 /* Build configuration list for PBXProject "Navigation" */;
			compatibilityVersion = "Xcode 13.0";
			developmentRegion = en;
			hasScannedForEncodings = 0;
			knownRegions = (
				en,
				Base,
			);
			mainGroup = D65EA473286395A300DD5B22;
			productRefGroup = D65EA47D286395A300DD5B22 /* Products */;
			projectDirPath = "";
			projectRoot = "";
			targets = (
				D65EA47B286395A300DD5B22 /* Navigation */,
			);
		};
/* End PBXProject section */

/* Begin PBXResourcesBuildPhase section */
		D65EA47A286395A300DD5B22 /* Resources */ = {
			isa = PBXResourcesBuildPhase;
			buildActionMask = 2147483647;
			files = (
				D65EA48C286395A300DD5B22 /* LaunchScreen.storyboard in Resources */,
				D65EA489286395A300DD5B22 /* Assets.xcassets in Resources */,
			);
			runOnlyForDeploymentPostprocessing = 0;
		};
/* End PBXResourcesBuildPhase section */

/* Begin PBXSourcesBuildPhase section */
		D65EA478286395A300DD5B22 /* Sources */ = {
			isa = PBXSourcesBuildPhase;
			buildActionMask = 2147483647;
			files = (
				D65EA484286395A300DD5B22 /* FeedViewController.swift in Sources */,
				D6D90DED2880300F005D8B13 /* ProfileTableHederView.swift in Sources */,
				D65EA480286395A300DD5B22 /* AppDelegate.swift in Sources */,
				D6ADF319287D82F4009D90E2 /* LogInViewController.swift in Sources */,
				D6734AAD2863961E00E4E76C /* ProfileViewController.swift in Sources */,
				D6ADF31B287DC7ED009D90E2 /* CustomButton.swift in Sources */,
				D6644EBB286799A5005D69A9 /* InfoViewController.swift in Sources */,
				D6D90DF32880580E005D8B13 /* PostTableViewCell.swift in Sources */,
				D6644EB7286762AE005D69A9 /* Post.swift in Sources */,
				D65EA482286395A300DD5B22 /* SceneDelegate.swift in Sources */,
				D6644EB52867585E005D69A9 /* PostViewController.swift in Sources */,
				D6D0718B286B802A00043F15 /* ProfileHeaderView.swift in Sources */,
				D6D90DEF288045A4005D8B13 /* ProfilePost.swift in Sources */,
			);
			runOnlyForDeploymentPostprocessing = 0;
		};
/* End PBXSourcesBuildPhase section */

/* Begin PBXVariantGroup section */
		D65EA48A286395A300DD5B22 /* LaunchScreen.storyboard */ = {
			isa = PBXVariantGroup;
			children = (
				D65EA48B286395A300DD5B22 /* Base */,
			);
			name = LaunchScreen.storyboard;
			sourceTree = "<group>";
		};
/* End PBXVariantGroup section */

/* Begin XCBuildConfiguration section */
		D65EA48E286395A300DD5B22 /* Debug */ = {
			isa = XCBuildConfiguration;
			buildSettings = {
				ALWAYS_SEARCH_USER_PATHS = NO;
				CLANG_ANALYZER_NONNULL = YES;
				CLANG_ANALYZER_NUMBER_OBJECT_CONVERSION = YES_AGGRESSIVE;
				CLANG_CXX_LANGUAGE_STANDARD = "gnu++17";
				CLANG_CXX_LIBRARY = "libc++";
				CLANG_ENABLE_MODULES = YES;
				CLANG_ENABLE_OBJC_ARC = YES;
				CLANG_ENABLE_OBJC_WEAK = YES;
				CLANG_WARN_BLOCK_CAPTURE_AUTORELEASING = YES;
				CLANG_WARN_BOOL_CONVERSION = YES;
				CLANG_WARN_COMMA = YES;
				CLANG_WARN_CONSTANT_CONVERSION = YES;
				CLANG_WARN_DEPRECATED_OBJC_IMPLEMENTATIONS = YES;
				CLANG_WARN_DIRECT_OBJC_ISA_USAGE = YES_ERROR;
				CLANG_WARN_DOCUMENTATION_COMMENTS = YES;
				CLANG_WARN_EMPTY_BODY = YES;
				CLANG_WARN_ENUM_CONVERSION = YES;
				CLANG_WARN_INFINITE_RECURSION = YES;
				CLANG_WARN_INT_CONVERSION = YES;
				CLANG_WARN_NON_LITERAL_NULL_CONVERSION = YES;
				CLANG_WARN_OBJC_IMPLICIT_RETAIN_SELF = YES;
				CLANG_WARN_OBJC_LITERAL_CONVERSION = YES;
				CLANG_WARN_OBJC_ROOT_CLASS = YES_ERROR;
				CLANG_WARN_QUOTED_INCLUDE_IN_FRAMEWORK_HEADER = YES;
				CLANG_WARN_RANGE_LOOP_ANALYSIS = YES;
				CLANG_WARN_STRICT_PROTOTYPES = YES;
				CLANG_WARN_SUSPICIOUS_MOVE = YES;
				CLANG_WARN_UNGUARDED_AVAILABILITY = YES_AGGRESSIVE;
				CLANG_WARN_UNREACHABLE_CODE = YES;
				CLANG_WARN__DUPLICATE_METHOD_MATCH = YES;
				COPY_PHASE_STRIP = NO;
				DEBUG_INFORMATION_FORMAT = dwarf;
				ENABLE_STRICT_OBJC_MSGSEND = YES;
				ENABLE_TESTABILITY = YES;
				GCC_C_LANGUAGE_STANDARD = gnu11;
				GCC_DYNAMIC_NO_PIC = NO;
				GCC_NO_COMMON_BLOCKS = YES;
				GCC_OPTIMIZATION_LEVEL = 0;
				GCC_PREPROCESSOR_DEFINITIONS = (
					"DEBUG=1",
					"$(inherited)",
				);
				GCC_WARN_64_TO_32_BIT_CONVERSION = YES;
				GCC_WARN_ABOUT_RETURN_TYPE = YES_ERROR;
				GCC_WARN_UNDECLARED_SELECTOR = YES;
				GCC_WARN_UNINITIALIZED_AUTOS = YES_AGGRESSIVE;
				GCC_WARN_UNUSED_FUNCTION = YES;
				GCC_WARN_UNUSED_VARIABLE = YES;
				IPHONEOS_DEPLOYMENT_TARGET = 15.2;
				MTL_ENABLE_DEBUG_INFO = INCLUDE_SOURCE;
				MTL_FAST_MATH = YES;
				ONLY_ACTIVE_ARCH = YES;
				SDKROOT = iphoneos;
				SWIFT_ACTIVE_COMPILATION_CONDITIONS = DEBUG;
				SWIFT_OPTIMIZATION_LEVEL = "-Onone";
			};
			name = Debug;
		};
		D65EA48F286395A300DD5B22 /* Release */ = {
			isa = XCBuildConfiguration;
			buildSettings = {
				ALWAYS_SEARCH_USER_PATHS = NO;
				CLANG_ANALYZER_NONNULL = YES;
				CLANG_ANALYZER_NUMBER_OBJECT_CONVERSION = YES_AGGRESSIVE;
				CLANG_CXX_LANGUAGE_STANDARD = "gnu++17";
				CLANG_CXX_LIBRARY = "libc++";
				CLANG_ENABLE_MODULES = YES;
				CLANG_ENABLE_OBJC_ARC = YES;
				CLANG_ENABLE_OBJC_WEAK = YES;
				CLANG_WARN_BLOCK_CAPTURE_AUTORELEASING = YES;
				CLANG_WARN_BOOL_CONVERSION = YES;
				CLANG_WARN_COMMA = YES;
				CLANG_WARN_CONSTANT_CONVERSION = YES;
				CLANG_WARN_DEPRECATED_OBJC_IMPLEMENTATIONS = YES;
				CLANG_WARN_DIRECT_OBJC_ISA_USAGE = YES_ERROR;
				CLANG_WARN_DOCUMENTATION_COMMENTS = YES;
				CLANG_WARN_EMPTY_BODY = YES;
				CLANG_WARN_ENUM_CONVERSION = YES;
				CLANG_WARN_INFINITE_RECURSION = YES;
				CLANG_WARN_INT_CONVERSION = YES;
				CLANG_WARN_NON_LITERAL_NULL_CONVERSION = YES;
				CLANG_WARN_OBJC_IMPLICIT_RETAIN_SELF = YES;
				CLANG_WARN_OBJC_LITERAL_CONVERSION = YES;
				CLANG_WARN_OBJC_ROOT_CLASS = YES_ERROR;
				CLANG_WARN_QUOTED_INCLUDE_IN_FRAMEWORK_HEADER = YES;
				CLANG_WARN_RANGE_LOOP_ANALYSIS = YES;
				CLANG_WARN_STRICT_PROTOTYPES = YES;
				CLANG_WARN_SUSPICIOUS_MOVE = YES;
				CLANG_WARN_UNGUARDED_AVAILABILITY = YES_AGGRESSIVE;
				CLANG_WARN_UNREACHABLE_CODE = YES;
				CLANG_WARN__DUPLICATE_METHOD_MATCH = YES;
				COPY_PHASE_STRIP = NO;
				DEBUG_INFORMATION_FORMAT = "dwarf-with-dsym";
				ENABLE_NS_ASSERTIONS = NO;
				ENABLE_STRICT_OBJC_MSGSEND = YES;
				GCC_C_LANGUAGE_STANDARD = gnu11;
				GCC_NO_COMMON_BLOCKS = YES;
				GCC_WARN_64_TO_32_BIT_CONVERSION = YES;
				GCC_WARN_ABOUT_RETURN_TYPE = YES_ERROR;
				GCC_WARN_UNDECLARED_SELECTOR = YES;
				GCC_WARN_UNINITIALIZED_AUTOS = YES_AGGRESSIVE;
				GCC_WARN_UNUSED_FUNCTION = YES;
				GCC_WARN_UNUSED_VARIABLE = YES;
				IPHONEOS_DEPLOYMENT_TARGET = 15.2;
				MTL_ENABLE_DEBUG_INFO = NO;
				MTL_FAST_MATH = YES;
				SDKROOT = iphoneos;
				SWIFT_COMPILATION_MODE = wholemodule;
				SWIFT_OPTIMIZATION_LEVEL = "-O";
				VALIDATE_PRODUCT = YES;
			};
			name = Release;
		};
		D65EA491286395A300DD5B22 /* Debug */ = {
			isa = XCBuildConfiguration;
			buildSettings = {
				ASSETCATALOG_COMPILER_APPICON_NAME = AppIcon;
				ASSETCATALOG_COMPILER_GLOBAL_ACCENT_COLOR_NAME = AccentColor;
				CODE_SIGN_STYLE = Automatic;
				CURRENT_PROJECT_VERSION = 1;
				GENERATE_INFOPLIST_FILE = YES;
				INFOPLIST_FILE = Navigation/Info.plist;
				INFOPLIST_KEY_UIApplicationSupportsIndirectInputEvents = YES;
				INFOPLIST_KEY_UILaunchStoryboardName = LaunchScreen;
				INFOPLIST_KEY_UISupportedInterfaceOrientations_iPad = "UIInterfaceOrientationPortrait UIInterfaceOrientationPortraitUpsideDown UIInterfaceOrientationLandscapeLeft UIInterfaceOrientationLandscapeRight";
				INFOPLIST_KEY_UISupportedInterfaceOrientations_iPhone = "UIInterfaceOrientationPortrait UIInterfaceOrientationLandscapeLeft UIInterfaceOrientationLandscapeRight";
				LD_RUNPATH_SEARCH_PATHS = (
					"$(inherited)",
					"@executable_path/Frameworks",
				);
				MARKETING_VERSION = 1.0;
				PRODUCT_BUNDLE_IDENTIFIER = com.rbespalov.Navigation;
				PRODUCT_NAME = "$(TARGET_NAME)";
				SWIFT_EMIT_LOC_STRINGS = YES;
				SWIFT_VERSION = 5.0;
				TARGETED_DEVICE_FAMILY = "1,2";
			};
			name = Debug;
		};
		D65EA492286395A300DD5B22 /* Release */ = {
			isa = XCBuildConfiguration;
			buildSettings = {
				ASSETCATALOG_COMPILER_APPICON_NAME = AppIcon;
				ASSETCATALOG_COMPILER_GLOBAL_ACCENT_COLOR_NAME = AccentColor;
				CODE_SIGN_STYLE = Automatic;
				CURRENT_PROJECT_VERSION = 1;
				GENERATE_INFOPLIST_FILE = YES;
				INFOPLIST_FILE = Navigation/Info.plist;
				INFOPLIST_KEY_UIApplicationSupportsIndirectInputEvents = YES;
				INFOPLIST_KEY_UILaunchStoryboardName = LaunchScreen;
				INFOPLIST_KEY_UISupportedInterfaceOrientations_iPad = "UIInterfaceOrientationPortrait UIInterfaceOrientationPortraitUpsideDown UIInterfaceOrientationLandscapeLeft UIInterfaceOrientationLandscapeRight";
				INFOPLIST_KEY_UISupportedInterfaceOrientations_iPhone = "UIInterfaceOrientationPortrait UIInterfaceOrientationLandscapeLeft UIInterfaceOrientationLandscapeRight";
				LD_RUNPATH_SEARCH_PATHS = (
					"$(inherited)",
					"@executable_path/Frameworks",
				);
				MARKETING_VERSION = 1.0;
				PRODUCT_BUNDLE_IDENTIFIER = com.rbespalov.Navigation;
				PRODUCT_NAME = "$(TARGET_NAME)";
				SWIFT_EMIT_LOC_STRINGS = YES;
				SWIFT_VERSION = 5.0;
				TARGETED_DEVICE_FAMILY = "1,2";
			};
			name = Release;
		};
/* End XCBuildConfiguration section */

/* Begin XCConfigurationList section */
		D65EA477286395A300DD5B22 /* Build configuration list for PBXProject "Navigation" */ = {
			isa = XCConfigurationList;
			buildConfigurations = (
				D65EA48E286395A300DD5B22 /* Debug */,
				D65EA48F286395A300DD5B22 /* Release */,
			);
			defaultConfigurationIsVisible = 0;
			defaultConfigurationName = Release;
		};
		D65EA490286395A300DD5B22 /* Build configuration list for PBXNativeTarget "Navigation" */ = {
			isa = XCConfigurationList;
			buildConfigurations = (
				D65EA491286395A300DD5B22 /* Debug */,
				D65EA492286395A300DD5B22 /* Release */,
			);
			defaultConfigurationIsVisible = 0;
			defaultConfigurationName = Release;
		};
/* End XCConfigurationList section */
	};
	rootObject = D65EA474286395A300DD5B22 /* Project object */;
}
